
Microsoft Visual Studio Solution File, Format Version 12.00
# Visual Studio Version 17
VisualStudioVersion = 17.11.35327.3
MinimumVisualStudioVersion = 10.0.40219.1
Project("{FAE04EC0-301F-11D3-BF4B-00C04F79EFBC}") = "backEndConnect", "backEndConnect.csproj", "{2F8BB12C-B428-4335-B971-1459B70B2C63}"
EndProject
Global
	GlobalSection(SolutionConfigurationPlatforms) = preSolution
		Debug|Any CPU = Debug|Any CPU
		Release|Any CPU = Release|Any CPU
	EndGlobalSection
	GlobalSection(ProjectConfigurationPlatforms) = postSolution
		{2F8BB12C-B428-4335-B971-1459B70B2C63}.Debug|Any CPU.ActiveCfg = Debug|Any CPU
		{2F8BB12C-B428-4335-B971-1459B70B2C63}.Debug|Any CPU.Build.0 = Debug|Any CPU
		{2F8BB12C-B428-4335-B971-1459B70B2C63}.Release|Any CPU.ActiveCfg = Release|Any CPU
		{2F8BB12C-B428-4335-B971-1459B70B2C63}.Release|Any CPU.Build.0 = Release|Any CPU
	EndGlobalSection
	GlobalSection(SolutionProperties) = preSolution
		HideSolutionNode = FALSE
	EndGlobalSection
	GlobalSection(ExtensibilityGlobals) = postSolution
		SolutionGuid = {CBAD59EC-8C78-43E8-92E1-A3FDD86C2599}
	EndGlobalSection
EndGlobal
